// !$*UTF8*$!
{
	archiveVersion = 1;
	classes = {
	};
	objectVersion = 55;
	objects = {

/* Begin PBXBuildFile section */
		B5D4403627BF670400B01E8C /* AppDelegate.swift in Sources */ = {isa = PBXBuildFile; fileRef = B5D4403527BF670400B01E8C /* AppDelegate.swift */; };
		B5D4403827BF670400B01E8C /* SceneDelegate.swift in Sources */ = {isa = PBXBuildFile; fileRef = B5D4403727BF670400B01E8C /* SceneDelegate.swift */; };
		B5D4403A27BF670400B01E8C /* MainVC.swift in Sources */ = {isa = PBXBuildFile; fileRef = B5D4403927BF670400B01E8C /* MainVC.swift */; };
		B5D4403F27BF670600B01E8C /* Assets.xcassets in Resources */ = {isa = PBXBuildFile; fileRef = B5D4403E27BF670600B01E8C /* Assets.xcassets */; };
		B5D4404227BF670600B01E8C /* LaunchScreen.storyboard in Resources */ = {isa = PBXBuildFile; fileRef = B5D4404027BF670600B01E8C /* LaunchScreen.storyboard */; };
		B5D4404B27BF67A600B01E8C /* BaseVC.swift in Sources */ = {isa = PBXBuildFile; fileRef = B5D4404A27BF67A600B01E8C /* BaseVC.swift */; };
		B5D4404D27BF67CD00B01E8C /* BaseView.swift in Sources */ = {isa = PBXBuildFile; fileRef = B5D4404C27BF67CD00B01E8C /* BaseView.swift */; };
		B5D4405027BF683300B01E8C /* MainView.swift in Sources */ = {isa = PBXBuildFile; fileRef = B5D4404F27BF683300B01E8C /* MainView.swift */; };
		B5D4405227BF689100B01E8C /* Theme.swift in Sources */ = {isa = PBXBuildFile; fileRef = B5D4405127BF689100B01E8C /* Theme.swift */; };
		B5D4405427BF68D800B01E8C /* TableViewCell.swift in Sources */ = {isa = PBXBuildFile; fileRef = B5D4405327BF68D800B01E8C /* TableViewCell.swift */; };
		B5D4405727BF6EE100B01E8C /* CreatedCell.swift in Sources */ = {isa = PBXBuildFile; fileRef = B5D4405627BF6EE100B01E8C /* CreatedCell.swift */; };
		B5D4405B27BF858D00B01E8C /* StateType.swift in Sources */ = {isa = PBXBuildFile; fileRef = B5D4405A27BF858D00B01E8C /* StateType.swift */; };
		B5D4405D27BF897600B01E8C /* Keys.swift in Sources */ = {isa = PBXBuildFile; fileRef = B5D4405C27BF897600B01E8C /* Keys.swift */; };
		B5D4406227BF8B5800B01E8C /* DictParser.swift in Sources */ = {isa = PBXBuildFile; fileRef = B5D4406127BF8B5800B01E8C /* DictParser.swift */; };
		B5D4406727BF913E00B01E8C /* Haptic.swift in Sources */ = {isa = PBXBuildFile; fileRef = B5D4406627BF913E00B01E8C /* Haptic.swift */; };
		B5D4406927BFA52A00B01E8C /* Notify.swift in Sources */ = {isa = PBXBuildFile; fileRef = B5D4406827BFA52A00B01E8C /* Notify.swift */; };
/* End PBXBuildFile section */

/* Begin PBXFileReference section */
		B5D4403227BF670400B01E8C /* Shambambuklya.app */ = {isa = PBXFileReference; explicitFileType = wrapper.application; includeInIndex = 0; path = Shambambuklya.app; sourceTree = BUILT_PRODUCTS_DIR; };
		B5D4403527BF670400B01E8C /* AppDelegate.swift */ = {isa = PBXFileReference; lastKnownFileType = sourcecode.swift; path = AppDelegate.swift; sourceTree = "<group>"; };
		B5D4403727BF670400B01E8C /* SceneDelegate.swift */ = {isa = PBXFileReference; lastKnownFileType = sourcecode.swift; path = SceneDelegate.swift; sourceTree = "<group>"; };
		B5D4403927BF670400B01E8C /* MainVC.swift */ = {isa = PBXFileReference; lastKnownFileType = sourcecode.swift; path = MainVC.swift; sourceTree = "<group>"; };
		B5D4403E27BF670600B01E8C /* Assets.xcassets */ = {isa = PBXFileReference; lastKnownFileType = folder.assetcatalog; path = Assets.xcassets; sourceTree = "<group>"; };
		B5D4404127BF670600B01E8C /* Base */ = {isa = PBXFileReference; lastKnownFileType = file.storyboard; name = Base; path = Base.lproj/LaunchScreen.storyboard; sourceTree = "<group>"; };
		B5D4404327BF670600B01E8C /* Info.plist */ = {isa = PBXFileReference; lastKnownFileType = text.plist.xml; path = Info.plist; sourceTree = "<group>"; };
		B5D4404A27BF67A600B01E8C /* BaseVC.swift */ = {isa = PBXFileReference; lastKnownFileType = sourcecode.swift; path = BaseVC.swift; sourceTree = "<group>"; };
		B5D4404C27BF67CD00B01E8C /* BaseView.swift */ = {isa = PBXFileReference; lastKnownFileType = sourcecode.swift; path = BaseView.swift; sourceTree = "<group>"; };
		B5D4404F27BF683300B01E8C /* MainView.swift */ = {isa = PBXFileReference; lastKnownFileType = sourcecode.swift; path = MainView.swift; sourceTree = "<group>"; };
		B5D4405127BF689100B01E8C /* Theme.swift */ = {isa = PBXFileReference; lastKnownFileType = sourcecode.swift; path = Theme.swift; sourceTree = "<group>"; };
		B5D4405327BF68D800B01E8C /* TableViewCell.swift */ = {isa = PBXFileReference; lastKnownFileType = sourcecode.swift; path = TableViewCell.swift; sourceTree = "<group>"; };
		B5D4405627BF6EE100B01E8C /* CreatedCell.swift */ = {isa = PBXFileReference; lastKnownFileType = sourcecode.swift; path = CreatedCell.swift; sourceTree = "<group>"; };
		B5D4405A27BF858D00B01E8C /* StateType.swift */ = {isa = PBXFileReference; lastKnownFileType = sourcecode.swift; path = StateType.swift; sourceTree = "<group>"; };
		B5D4405C27BF897600B01E8C /* Keys.swift */ = {isa = PBXFileReference; lastKnownFileType = sourcecode.swift; path = Keys.swift; sourceTree = "<group>"; };
		B5D4406127BF8B5800B01E8C /* DictParser.swift */ = {isa = PBXFileReference; lastKnownFileType = sourcecode.swift; path = DictParser.swift; sourceTree = "<group>"; };
		B5D4406627BF913E00B01E8C /* Haptic.swift */ = {isa = PBXFileReference; lastKnownFileType = sourcecode.swift; path = Haptic.swift; sourceTree = "<group>"; };
		B5D4406827BFA52A00B01E8C /* Notify.swift */ = {isa = PBXFileReference; lastKnownFileType = sourcecode.swift; path = Notify.swift; sourceTree = "<group>"; };
/* End PBXFileReference section */

/* Begin PBXFrameworksBuildPhase section */
		B5D4402F27BF670400B01E8C /* Frameworks */ = {
			isa = PBXFrameworksBuildPhase;
			buildActionMask = 2147483647;
			files = (
			);
			runOnlyForDeploymentPostprocessing = 0;
		};
/* End PBXFrameworksBuildPhase section */

/* Begin PBXGroup section */
		B5D4402927BF670400B01E8C = {
			isa = PBXGroup;
			children = (
				B5D4403427BF670400B01E8C /* Shambambuklya */,
				B5D4403327BF670400B01E8C /* Products */,
			);
			sourceTree = "<group>";
		};
		B5D4403327BF670400B01E8C /* Products */ = {
			isa = PBXGroup;
			children = (
				B5D4403227BF670400B01E8C /* Shambambuklya.app */,
			);
			name = Products;
			sourceTree = "<group>";
		};
		B5D4403427BF670400B01E8C /* Shambambuklya */ = {
			isa = PBXGroup;
			children = (
				B5D4404327BF670600B01E8C /* Info.plist */,
				B5D4404927BF679F00B01E8C /* App */,
				B5D4406027BF8AB200B01E8C /* Helpers */,
				B5D4405E27BF8A8C00B01E8C /* Resources */,
				B5D4405527BF6E4E00B01E8C /* Screens */,
			);
			path = Shambambuklya;
			sourceTree = "<group>";
		};
		B5D4404927BF679F00B01E8C /* App */ = {
			isa = PBXGroup;
			children = (
				B5D4403527BF670400B01E8C /* AppDelegate.swift */,
				B5D4403727BF670400B01E8C /* SceneDelegate.swift */,
				B5D4404E27BF67E700B01E8C /* Base */,
			);
			path = App;
			sourceTree = "<group>";
		};
		B5D4404E27BF67E700B01E8C /* Base */ = {
			isa = PBXGroup;
			children = (
				B5D4404A27BF67A600B01E8C /* BaseVC.swift */,
				B5D4404C27BF67CD00B01E8C /* BaseView.swift */,
				B5D4405327BF68D800B01E8C /* TableViewCell.swift */,
			);
			path = Base;
			sourceTree = "<group>";
		};
		B5D4405527BF6E4E00B01E8C /* Screens */ = {
			isa = PBXGroup;
			children = (
				B5D4405F27BF8A9F00B01E8C /* Main */,
			);
			path = Screens;
			sourceTree = "<group>";
		};
		B5D4405E27BF8A8C00B01E8C /* Resources */ = {
			isa = PBXGroup;
			children = (
				B5D4403E27BF670600B01E8C /* Assets.xcassets */,
				B5D4404027BF670600B01E8C /* LaunchScreen.storyboard */,
			);
			path = Resources;
			sourceTree = "<group>";
		};
		B5D4405F27BF8A9F00B01E8C /* Main */ = {
			isa = PBXGroup;
			children = (
				B5D4406427BF8E6000B01E8C /* Controller */,
				B5D4406327BF8E5500B01E8C /* Views */,
				B5D4406527BF8E6E00B01E8C /* Model */,
			);
			path = Main;
			sourceTree = "<group>";
		};
		B5D4406027BF8AB200B01E8C /* Helpers */ = {
			isa = PBXGroup;
			children = (
				B5D4405127BF689100B01E8C /* Theme.swift */,
				B5D4406627BF913E00B01E8C /* Haptic.swift */,
				B5D4405C27BF897600B01E8C /* Keys.swift */,
				B5D4406827BFA52A00B01E8C /* Notify.swift */,
				B5D4406127BF8B5800B01E8C /* DictParser.swift */,
			);
			path = Helpers;
			sourceTree = "<group>";
		};
		B5D4406327BF8E5500B01E8C /* Views */ = {
			isa = PBXGroup;
			children = (
				B5D4404F27BF683300B01E8C /* MainView.swift */,
				B5D4405627BF6EE100B01E8C /* CreatedCell.swift */,
			);
			path = Views;
			sourceTree = "<group>";
		};
		B5D4406427BF8E6000B01E8C /* Controller */ = {
			isa = PBXGroup;
			children = (
				B5D4403927BF670400B01E8C /* MainVC.swift */,
			);
			path = Controller;
			sourceTree = "<group>";
		};
		B5D4406527BF8E6E00B01E8C /* Model */ = {
			isa = PBXGroup;
			children = (
				B5D4405A27BF858D00B01E8C /* StateType.swift */,
			);
			path = Model;
			sourceTree = "<group>";
		};
/* End PBXGroup section */

/* Begin PBXNativeTarget section */
		B5D4403127BF670400B01E8C /* Shambambuklya */ = {
			isa = PBXNativeTarget;
			buildConfigurationList = B5D4404627BF670600B01E8C /* Build configuration list for PBXNativeTarget "Shambambuklya" */;
			buildPhases = (
				B5D4402E27BF670400B01E8C /* Sources */,
				B5D4402F27BF670400B01E8C /* Frameworks */,
				B5D4403027BF670400B01E8C /* Resources */,
			);
			buildRules = (
			);
			dependencies = (
			);
			name = Shambambuklya;
			productName = Shambambuklya;
			productReference = B5D4403227BF670400B01E8C /* Shambambuklya.app */;
			productType = "com.apple.product-type.application";
		};
/* End PBXNativeTarget section */

/* Begin PBXProject section */
		B5D4402A27BF670400B01E8C /* Project object */ = {
			isa = PBXProject;
			attributes = {
				BuildIndependentTargetsInParallel = 1;
				LastSwiftUpdateCheck = 1310;
				LastUpgradeCheck = 1310;
				TargetAttributes = {
					B5D4403127BF670400B01E8C = {
						CreatedOnToolsVersion = 13.1;
					};
				};
			};
			buildConfigurationList = B5D4402D27BF670400B01E8C /* Build configuration list for PBXProject "Shambambuklya" */;
			compatibilityVersion = "Xcode 13.0";
			developmentRegion = en;
			hasScannedForEncodings = 0;
			knownRegions = (
				en,
				Base,
			);
			mainGroup = B5D4402927BF670400B01E8C;
			productRefGroup = B5D4403327BF670400B01E8C /* Products */;
			projectDirPath = "";
			projectRoot = "";
			targets = (
				B5D4403127BF670400B01E8C /* Shambambuklya */,
			);
		};
/* End PBXProject section */

/* Begin PBXResourcesBuildPhase section */
		B5D4403027BF670400B01E8C /* Resources */ = {
			isa = PBXResourcesBuildPhase;
			buildActionMask = 2147483647;
			files = (
				B5D4404227BF670600B01E8C /* LaunchScreen.storyboard in Resources */,
				B5D4403F27BF670600B01E8C /* Assets.xcassets in Resources */,
			);
			runOnlyForDeploymentPostprocessing = 0;
		};
/* End PBXResourcesBuildPhase section */

/* Begin PBXSourcesBuildPhase section */
		B5D4402E27BF670400B01E8C /* Sources */ = {
			isa = PBXSourcesBuildPhase;
			buildActionMask = 2147483647;
			files = (
				B5D4404B27BF67A600B01E8C /* BaseVC.swift in Sources */,
				B5D4405427BF68D800B01E8C /* TableViewCell.swift in Sources */,
				B5D4405727BF6EE100B01E8C /* CreatedCell.swift in Sources */,
				B5D4405B27BF858D00B01E8C /* StateType.swift in Sources */,
				B5D4405D27BF897600B01E8C /* Keys.swift in Sources */,
				B5D4405027BF683300B01E8C /* MainView.swift in Sources */,
				B5D4403A27BF670400B01E8C /* MainVC.swift in Sources */,
				B5D4404D27BF67CD00B01E8C /* BaseView.swift in Sources */,
				B5D4406927BFA52A00B01E8C /* Notify.swift in Sources */,
				B5D4406227BF8B5800B01E8C /* DictParser.swift in Sources */,
				B5D4403627BF670400B01E8C /* AppDelegate.swift in Sources */,
				B5D4403827BF670400B01E8C /* SceneDelegate.swift in Sources */,
				B5D4405227BF689100B01E8C /* Theme.swift in Sources */,
				B5D4406727BF913E00B01E8C /* Haptic.swift in Sources */,
			);
			runOnlyForDeploymentPostprocessing = 0;
		};
/* End PBXSourcesBuildPhase section */

/* Begin PBXVariantGroup section */
		B5D4404027BF670600B01E8C /* LaunchScreen.storyboard */ = {
			isa = PBXVariantGroup;
			children = (
				B5D4404127BF670600B01E8C /* Base */,
			);
			name = LaunchScreen.storyboard;
			sourceTree = "<group>";
		};
/* End PBXVariantGroup section */

/* Begin XCBuildConfiguration section */
		B5D4404427BF670600B01E8C /* Debug */ = {
			isa = XCBuildConfiguration;
			buildSettings = {
				ALWAYS_SEARCH_USER_PATHS = NO;
				CLANG_ANALYZER_NONNULL = YES;
				CLANG_ANALYZER_NUMBER_OBJECT_CONVERSION = YES_AGGRESSIVE;
				CLANG_CXX_LANGUAGE_STANDARD = "gnu++17";
				CLANG_CXX_LIBRARY = "libc++";
				CLANG_ENABLE_MODULES = YES;
				CLANG_ENABLE_OBJC_ARC = YES;
				CLANG_ENABLE_OBJC_WEAK = YES;
				CLANG_WARN_BLOCK_CAPTURE_AUTORELEASING = YES;
				CLANG_WARN_BOOL_CONVERSION = YES;
				CLANG_WARN_COMMA = YES;
				CLANG_WARN_CONSTANT_CONVERSION = YES;
				CLANG_WARN_DEPRECATED_OBJC_IMPLEMENTATIONS = YES;
				CLANG_WARN_DIRECT_OBJC_ISA_USAGE = YES_ERROR;
				CLANG_WARN_DOCUMENTATION_COMMENTS = YES;
				CLANG_WARN_EMPTY_BODY = YES;
				CLANG_WARN_ENUM_CONVERSION = YES;
				CLANG_WARN_INFINITE_RECURSION = YES;
				CLANG_WARN_INT_CONVERSION = YES;
				CLANG_WARN_NON_LITERAL_NULL_CONVERSION = YES;
				CLANG_WARN_OBJC_IMPLICIT_RETAIN_SELF = YES;
				CLANG_WARN_OBJC_LITERAL_CONVERSION = YES;
				CLANG_WARN_OBJC_ROOT_CLASS = YES_ERROR;
				CLANG_WARN_QUOTED_INCLUDE_IN_FRAMEWORK_HEADER = YES;
				CLANG_WARN_RANGE_LOOP_ANALYSIS = YES;
				CLANG_WARN_STRICT_PROTOTYPES = YES;
				CLANG_WARN_SUSPICIOUS_MOVE = YES;
				CLANG_WARN_UNGUARDED_AVAILABILITY = YES_AGGRESSIVE;
				CLANG_WARN_UNREACHABLE_CODE = YES;
				CLANG_WARN__DUPLICATE_METHOD_MATCH = YES;
				COPY_PHASE_STRIP = NO;
				DEBUG_INFORMATION_FORMAT = dwarf;
				ENABLE_STRICT_OBJC_MSGSEND = YES;
				ENABLE_TESTABILITY = YES;
				GCC_C_LANGUAGE_STANDARD = gnu11;
				GCC_DYNAMIC_NO_PIC = NO;
				GCC_NO_COMMON_BLOCKS = YES;
				GCC_OPTIMIZATION_LEVEL = 0;
				GCC_PREPROCESSOR_DEFINITIONS = (
					"DEBUG=1",
					"$(inherited)",
				);
				GCC_WARN_64_TO_32_BIT_CONVERSION = YES;
				GCC_WARN_ABOUT_RETURN_TYPE = YES_ERROR;
				GCC_WARN_UNDECLARED_SELECTOR = YES;
				GCC_WARN_UNINITIALIZED_AUTOS = YES_AGGRESSIVE;
				GCC_WARN_UNUSED_FUNCTION = YES;
				GCC_WARN_UNUSED_VARIABLE = YES;
				IPHONEOS_DEPLOYMENT_TARGET = 15.0;
				MTL_ENABLE_DEBUG_INFO = INCLUDE_SOURCE;
				MTL_FAST_MATH = YES;
				ONLY_ACTIVE_ARCH = YES;
				SDKROOT = iphoneos;
				SWIFT_ACTIVE_COMPILATION_CONDITIONS = DEBUG;
				SWIFT_OPTIMIZATION_LEVEL = "-Onone";
			};
			name = Debug;
		};
		B5D4404527BF670600B01E8C /* Release */ = {
			isa = XCBuildConfiguration;
			buildSettings = {
				ALWAYS_SEARCH_USER_PATHS = NO;
				CLANG_ANALYZER_NONNULL = YES;
				CLANG_ANALYZER_NUMBER_OBJECT_CONVERSION = YES_AGGRESSIVE;
				CLANG_CXX_LANGUAGE_STANDARD = "gnu++17";
				CLANG_CXX_LIBRARY = "libc++";
				CLANG_ENABLE_MODULES = YES;
				CLANG_ENABLE_OBJC_ARC = YES;
				CLANG_ENABLE_OBJC_WEAK = YES;
				CLANG_WARN_BLOCK_CAPTURE_AUTORELEASING = YES;
				CLANG_WARN_BOOL_CONVERSION = YES;
				CLANG_WARN_COMMA = YES;
				CLANG_WARN_CONSTANT_CONVERSION = YES;
				CLANG_WARN_DEPRECATED_OBJC_IMPLEMENTATIONS = YES;
				CLANG_WARN_DIRECT_OBJC_ISA_USAGE = YES_ERROR;
				CLANG_WARN_DOCUMENTATION_COMMENTS = YES;
				CLANG_WARN_EMPTY_BODY = YES;
				CLANG_WARN_ENUM_CONVERSION = YES;
				CLANG_WARN_INFINITE_RECURSION = YES;
				CLANG_WARN_INT_CONVERSION = YES;
				CLANG_WARN_NON_LITERAL_NULL_CONVERSION = YES;
				CLANG_WARN_OBJC_IMPLICIT_RETAIN_SELF = YES;
				CLANG_WARN_OBJC_LITERAL_CONVERSION = YES;
				CLANG_WARN_OBJC_ROOT_CLASS = YES_ERROR;
				CLANG_WARN_QUOTED_INCLUDE_IN_FRAMEWORK_HEADER = YES;
				CLANG_WARN_RANGE_LOOP_ANALYSIS = YES;
				CLANG_WARN_STRICT_PROTOTYPES = YES;
				CLANG_WARN_SUSPICIOUS_MOVE = YES;
				CLANG_WARN_UNGUARDED_AVAILABILITY = YES_AGGRESSIVE;
				CLANG_WARN_UNREACHABLE_CODE = YES;
				CLANG_WARN__DUPLICATE_METHOD_MATCH = YES;
				COPY_PHASE_STRIP = NO;
				DEBUG_INFORMATION_FORMAT = "dwarf-with-dsym";
				ENABLE_NS_ASSERTIONS = NO;
				ENABLE_STRICT_OBJC_MSGSEND = YES;
				GCC_C_LANGUAGE_STANDARD = gnu11;
				GCC_NO_COMMON_BLOCKS = YES;
				GCC_WARN_64_TO_32_BIT_CONVERSION = YES;
				GCC_WARN_ABOUT_RETURN_TYPE = YES_ERROR;
				GCC_WARN_UNDECLARED_SELECTOR = YES;
				GCC_WARN_UNINITIALIZED_AUTOS = YES_AGGRESSIVE;
				GCC_WARN_UNUSED_FUNCTION = YES;
				GCC_WARN_UNUSED_VARIABLE = YES;
				IPHONEOS_DEPLOYMENT_TARGET = 15.0;
				MTL_ENABLE_DEBUG_INFO = NO;
				MTL_FAST_MATH = YES;
				SDKROOT = iphoneos;
				SWIFT_COMPILATION_MODE = wholemodule;
				SWIFT_OPTIMIZATION_LEVEL = "-O";
				VALIDATE_PRODUCT = YES;
			};
			name = Release;
		};
		B5D4404727BF670600B01E8C /* Debug */ = {
			isa = XCBuildConfiguration;
			buildSettings = {
				ASSETCATALOG_COMPILER_APPICON_NAME = AppIcon;
				ASSETCATALOG_COMPILER_GLOBAL_ACCENT_COLOR_NAME = AccentColor;
				CODE_SIGN_STYLE = Automatic;
				CURRENT_PROJECT_VERSION = 1;
				DEVELOPMENT_TEAM = 95D67VXK3X;
				GENERATE_INFOPLIST_FILE = YES;
				INFOPLIST_FILE = Shambambuklya/Info.plist;
				INFOPLIST_KEY_UIApplicationSupportsIndirectInputEvents = YES;
				INFOPLIST_KEY_UILaunchStoryboardName = LaunchScreen;
				INFOPLIST_KEY_UISupportedInterfaceOrientations = "UIInterfaceOrientationPortrait UIInterfaceOrientationPortraitUpsideDown";
				INFOPLIST_KEY_UISupportedInterfaceOrientations_iPad = "UIInterfaceOrientationPortrait UIInterfaceOrientationPortraitUpsideDown UIInterfaceOrientationLandscapeLeft UIInterfaceOrientationLandscapeRight";
				INFOPLIST_KEY_UISupportedInterfaceOrientations_iPhone = "UIInterfaceOrientationPortrait UIInterfaceOrientationLandscapeLeft UIInterfaceOrientationLandscapeRight";
				IPHONEOS_DEPLOYMENT_TARGET = 13.0;
				LD_RUNPATH_SEARCH_PATHS = (
					"$(inherited)",
					"@executable_path/Frameworks",
				);
				MARKETING_VERSION = 1.0;
				PRODUCT_BUNDLE_IDENTIFIER = ru.mustdev.Shambambuklya;
				PRODUCT_NAME = "$(TARGET_NAME)";
				SWIFT_EMIT_LOC_STRINGS = YES;
				SWIFT_VERSION = 5.0;
				TARGETED_DEVICE_FAMILY = "1,2";
			};
			name = Debug;
		};
		B5D4404827BF670600B01E8C /* Release */ = {
			isa = XCBuildConfiguration;
			buildSettings = {
				ASSETCATALOG_COMPILER_APPICON_NAME = AppIcon;
				ASSETCATALOG_COMPILER_GLOBAL_ACCENT_COLOR_NAME = AccentColor;
				CODE_SIGN_STYLE = Automatic;
				CURRENT_PROJECT_VERSION = 1;
				DEVELOPMENT_TEAM = 95D67VXK3X;
				GENERATE_INFOPLIST_FILE = YES;
				INFOPLIST_FILE = Shambambuklya/Info.plist;
				INFOPLIST_KEY_UIApplicationSupportsIndirectInputEvents = YES;
				INFOPLIST_KEY_UILaunchStoryboardName = LaunchScreen;
				INFOPLIST_KEY_UISupportedInterfaceOrientations = "UIInterfaceOrientationPortrait UIInterfaceOrientationPortraitUpsideDown";
				INFOPLIST_KEY_UISupportedInterfaceOrientations_iPad = "UIInterfaceOrientationPortrait UIInterfaceOrientationPortraitUpsideDown UIInterfaceOrientationLandscapeLeft UIInterfaceOrientationLandscapeRight";
				INFOPLIST_KEY_UISupportedInterfaceOrientations_iPhone = "UIInterfaceOrientationPortrait UIInterfaceOrientationLandscapeLeft UIInterfaceOrientationLandscapeRight";
				IPHONEOS_DEPLOYMENT_TARGET = 13.0;
				LD_RUNPATH_SEARCH_PATHS = (
					"$(inherited)",
					"@executable_path/Frameworks",
				);
				MARKETING_VERSION = 1.0;
				PRODUCT_BUNDLE_IDENTIFIER = ru.mustdev.Shambambuklya;
				PRODUCT_NAME = "$(TARGET_NAME)";
				SWIFT_EMIT_LOC_STRINGS = YES;
				SWIFT_VERSION = 5.0;
				TARGETED_DEVICE_FAMILY = "1,2";
			};
			name = Release;
		};
/* End XCBuildConfiguration section */

/* Begin XCConfigurationList section */
		B5D4402D27BF670400B01E8C /* Build configuration list for PBXProject "Shambambuklya" */ = {
			isa = XCConfigurationList;
			buildConfigurations = (
				B5D4404427BF670600B01E8C /* Debug */,
				B5D4404527BF670600B01E8C /* Release */,
			);
			defaultConfigurationIsVisible = 0;
			defaultConfigurationName = Release;
		};
		B5D4404627BF670600B01E8C /* Build configuration list for PBXNativeTarget "Shambambuklya" */ = {
			isa = XCConfigurationList;
			buildConfigurations = (
				B5D4404727BF670600B01E8C /* Debug */,
				B5D4404827BF670600B01E8C /* Release */,
			);
			defaultConfigurationIsVisible = 0;
			defaultConfigurationName = Release;
		};
/* End XCConfigurationList section */
	};
	rootObject = B5D4402A27BF670400B01E8C /* Project object */;
}
